
Microsoft Visual Studio Solution File, Format Version 12.00
# Visual Studio Version 17
VisualStudioVersion = 17.2.32630.192
MinimumVisualStudioVersion = 10.0.40219.1
Project("{FAE04EC0-301F-11D3-BF4B-00C04F79EFBC}") = "ManagerSchool", "ManagerSchool.csproj", "{3B84D843-C695-4A50-BE07-49F24AB2117B}"
EndProject
Global
	GlobalSection(SolutionConfigurationPlatforms) = preSolution
		Debug|Any CPU = Debug|Any CPU
		Release|Any CPU = Release|Any CPU
	EndGlobalSection
	GlobalSection(ProjectConfigurationPlatforms) = postSolution
		{3B84D843-C695-4A50-BE07-49F24AB2117B}.Debug|Any CPU.ActiveCfg = Debug|Any CPU
		{3B84D843-C695-4A50-BE07-49F24AB2117B}.Debug|Any CPU.Build.0 = Debug|Any CPU
		{3B84D843-C695-4A50-BE07-49F24AB2117B}.Release|Any CPU.ActiveCfg = Release|Any CPU
		{3B84D843-C695-4A50-BE07-49F24AB2117B}.Release|Any CPU.Build.0 = Release|Any CPU
	EndGlobalSection
	GlobalSection(SolutionProperties) = preSolution
		HideSolutionNode = FALSE
	EndGlobalSection
	GlobalSection(ExtensibilityGlobals) = postSolution
		SolutionGuid = {69EEE5AD-014C-48C9-88ED-6919B086402A}
	EndGlobalSection
EndGlobal
